
Microsoft Visual Studio Solution File, Format Version 12.00
# Visual Studio 15
VisualStudioVersion = 15.0.26124.0
MinimumVisualStudioVersion = 15.0.26124.0
Project("{FAE04EC0-301F-11D3-BF4B-00C04F79EFBC}") = "desafio-tecnico", "Api\desafio-tecnico.csproj", "{8F4241EE-0FEC-489C-9359-E9BFBAF5DDE9}"
EndProject
Project("{FAE04EC0-301F-11D3-BF4B-00C04F79EFBC}") = "Testes", "Testes\Testes.csproj", "{26C0A374-7E0D-437E-AF96-DA50AED92953}"
EndProject
Global
	GlobalSection(SolutionConfigurationPlatforms) = preSolution
		Debug|Any CPU = Debug|Any CPU
		Debug|x64 = Debug|x64
		Debug|x86 = Debug|x86
		Release|Any CPU = Release|Any CPU
		Release|x64 = Release|x64
		Release|x86 = Release|x86
	EndGlobalSection
	GlobalSection(SolutionProperties) = preSolution
		HideSolutionNode = FALSE
	EndGlobalSection
	GlobalSection(ProjectConfigurationPlatforms) = postSolution
		{8F4241EE-0FEC-489C-9359-E9BFBAF5DDE9}.Debug|Any CPU.ActiveCfg = Debug|Any CPU
		{8F4241EE-0FEC-489C-9359-E9BFBAF5DDE9}.Debug|Any CPU.Build.0 = Debug|Any CPU
		{8F4241EE-0FEC-489C-9359-E9BFBAF5DDE9}.Debug|x64.ActiveCfg = Debug|Any CPU
		{8F4241EE-0FEC-489C-9359-E9BFBAF5DDE9}.Debug|x64.Build.0 = Debug|Any CPU
		{8F4241EE-0FEC-489C-9359-E9BFBAF5DDE9}.Debug|x86.ActiveCfg = Debug|Any CPU
		{8F4241EE-0FEC-489C-9359-E9BFBAF5DDE9}.Debug|x86.Build.0 = Debug|Any CPU
		{8F4241EE-0FEC-489C-9359-E9BFBAF5DDE9}.Release|Any CPU.ActiveCfg = Release|Any CPU
		{8F4241EE-0FEC-489C-9359-E9BFBAF5DDE9}.Release|Any CPU.Build.0 = Release|Any CPU
		{8F4241EE-0FEC-489C-9359-E9BFBAF5DDE9}.Release|x64.ActiveCfg = Release|Any CPU
		{8F4241EE-0FEC-489C-9359-E9BFBAF5DDE9}.Release|x64.Build.0 = Release|Any CPU
		{8F4241EE-0FEC-489C-9359-E9BFBAF5DDE9}.Release|x86.ActiveCfg = Release|Any CPU
		{8F4241EE-0FEC-489C-9359-E9BFBAF5DDE9}.Release|x86.Build.0 = Release|Any CPU
		{26C0A374-7E0D-437E-AF96-DA50AED92953}.Debug|Any CPU.ActiveCfg = Debug|Any CPU
		{26C0A374-7E0D-437E-AF96-DA50AED92953}.Debug|Any CPU.Build.0 = Debug|Any CPU
		{26C0A374-7E0D-437E-AF96-DA50AED92953}.Debug|x64.ActiveCfg = Debug|Any CPU
		{26C0A374-7E0D-437E-AF96-DA50AED92953}.Debug|x64.Build.0 = Debug|Any CPU
		{26C0A374-7E0D-437E-AF96-DA50AED92953}.Debug|x86.ActiveCfg = Debug|Any CPU
		{26C0A374-7E0D-437E-AF96-DA50AED92953}.Debug|x86.Build.0 = Debug|Any CPU
		{26C0A374-7E0D-437E-AF96-DA50AED92953}.Release|Any CPU.ActiveCfg = Release|Any CPU
		{26C0A374-7E0D-437E-AF96-DA50AED92953}.Release|Any CPU.Build.0 = Release|Any CPU
		{26C0A374-7E0D-437E-AF96-DA50AED92953}.Release|x64.ActiveCfg = Release|Any CPU
		{26C0A374-7E0D-437E-AF96-DA50AED92953}.Release|x64.Build.0 = Release|Any CPU
		{26C0A374-7E0D-437E-AF96-DA50AED92953}.Release|x86.ActiveCfg = Release|Any CPU
		{26C0A374-7E0D-437E-AF96-DA50AED92953}.Release|x86.Build.0 = Release|Any CPU
	EndGlobalSection
EndGlobal
